// !$*UTF8*$!
{
	archiveVersion = 1;
	classes = {
	};
	objectVersion = 56;
	objects = {

/* Begin PBXBuildFile section */
		628CC9F2298D535A00D09424 /* LandmarksApp.swift in Sources */ = {isa = PBXBuildFile; fileRef = 628CC9F1298D535A00D09424 /* LandmarksApp.swift */; };
		628CC9F4298D535A00D09424 /* ContentView.swift in Sources */ = {isa = PBXBuildFile; fileRef = 628CC9F3298D535A00D09424 /* ContentView.swift */; };
		628CC9F6298D535B00D09424 /* Assets.xcassets in Resources */ = {isa = PBXBuildFile; fileRef = 628CC9F5298D535B00D09424 /* Assets.xcassets */; };
		628CC9F9298D535B00D09424 /* Preview Assets.xcassets in Resources */ = {isa = PBXBuildFile; fileRef = 628CC9F8298D535B00D09424 /* Preview Assets.xcassets */; };
		628CCA00298D5BC700D09424 /* CircleImage.swift in Sources */ = {isa = PBXBuildFile; fileRef = 628CC9FF298D5BC700D09424 /* CircleImage.swift */; };
		628CCA02298D5D4100D09424 /* MapView.swift in Sources */ = {isa = PBXBuildFile; fileRef = 628CCA01298D5D4100D09424 /* MapView.swift */; };
		628CCA1F298D784500D09424 /* landmarkData.json in Resources */ = {isa = PBXBuildFile; fileRef = 628CCA12298D784400D09424 /* landmarkData.json */; };
		628CCA21298D789900D09424 /* Landmark.swift in Sources */ = {isa = PBXBuildFile; fileRef = 628CCA20298D789900D09424 /* Landmark.swift */; };
		628CCA23298D7BA100D09424 /* ModelData.swift in Sources */ = {isa = PBXBuildFile; fileRef = 628CCA22298D7BA100D09424 /* ModelData.swift */; };
		628CCA27298E06C400D09424 /* LandmarkRow.swift in Sources */ = {isa = PBXBuildFile; fileRef = 628CCA26298E06C400D09424 /* LandmarkRow.swift */; };
		628CCA29298E0AD300D09424 /* LandmarkList.swift in Sources */ = {isa = PBXBuildFile; fileRef = 628CCA28298E0AD300D09424 /* LandmarkList.swift */; };
		628CCA2B298E0EE800D09424 /* LandmarkDetail.swift in Sources */ = {isa = PBXBuildFile; fileRef = 628CCA2A298E0EE800D09424 /* LandmarkDetail.swift */; };
		628CCA2D298E3B3800D09424 /* FavoriteButton.swift in Sources */ = {isa = PBXBuildFile; fileRef = 628CCA2C298E3B3800D09424 /* FavoriteButton.swift */; };
		628CCA31298EDA1600D09424 /* HexagonParameters.swift in Sources */ = {isa = PBXBuildFile; fileRef = 628CCA30298EDA1600D09424 /* HexagonParameters.swift */; };
		628CCA33298EDB0B00D09424 /* BadgeBackground.swift in Sources */ = {isa = PBXBuildFile; fileRef = 628CCA32298EDB0B00D09424 /* BadgeBackground.swift */; };
		628CCA35298EDD4000D09424 /* BadgeSymbol.swift in Sources */ = {isa = PBXBuildFile; fileRef = 628CCA34298EDD4000D09424 /* BadgeSymbol.swift */; };
		628CCA37298EDDD800D09424 /* RotatedBadgeSymbol.swift in Sources */ = {isa = PBXBuildFile; fileRef = 628CCA36298EDDD800D09424 /* RotatedBadgeSymbol.swift */; };
		628CCA3B298EDE5600D09424 /* Badge.swift in Sources */ = {isa = PBXBuildFile; fileRef = 628CCA3A298EDE5600D09424 /* Badge.swift */; };
		628CCA3E298F5C1500D09424 /* hikeData.json in Resources */ = {isa = PBXBuildFile; fileRef = 628CCA3D298F5C1500D09424 /* hikeData.json */; };
		628CCA40298F5C3500D09424 /* Hike.swift in Sources */ = {isa = PBXBuildFile; fileRef = 628CCA3F298F5C3500D09424 /* Hike.swift */; };
		628CCA46298F74AA00D09424 /* GraphCapsule.swift in Sources */ = {isa = PBXBuildFile; fileRef = 628CCA42298F74AA00D09424 /* GraphCapsule.swift */; };
		628CCA47298F74AA00D09424 /* HikeGraph.swift in Sources */ = {isa = PBXBuildFile; fileRef = 628CCA43298F74AA00D09424 /* HikeGraph.swift */; };
		628CCA48298F74AA00D09424 /* HikeDetail.swift in Sources */ = {isa = PBXBuildFile; fileRef = 628CCA44298F74AA00D09424 /* HikeDetail.swift */; };
		628CCA49298F74AA00D09424 /* HikeView.swift in Sources */ = {isa = PBXBuildFile; fileRef = 628CCA45298F74AA00D09424 /* HikeView.swift */; };
		628CCA4C298F7A4100D09424 /* CategoryHome.swift in Sources */ = {isa = PBXBuildFile; fileRef = 628CCA4B298F7A4100D09424 /* CategoryHome.swift */; };
		628CCA4E298F7C4D00D09424 /* CategoryRow.swift in Sources */ = {isa = PBXBuildFile; fileRef = 628CCA4D298F7C4D00D09424 /* CategoryRow.swift */; };
		628CCA50298F7D7E00D09424 /* CategoryItem.swift in Sources */ = {isa = PBXBuildFile; fileRef = 628CCA4F298F7D7E00D09424 /* CategoryItem.swift */; };
		628CCA52298FFD5100D09424 /* Profile.swift in Sources */ = {isa = PBXBuildFile; fileRef = 628CCA51298FFD5100D09424 /* Profile.swift */; };
		628CCA55298FFDF200D09424 /* ProfileHost.swift in Sources */ = {isa = PBXBuildFile; fileRef = 628CCA54298FFDF200D09424 /* ProfileHost.swift */; };
		628CCA57298FFEA100D09424 /* ProfileSummary.swift in Sources */ = {isa = PBXBuildFile; fileRef = 628CCA56298FFEA100D09424 /* ProfileSummary.swift */; };
		628CCA592990001B00D09424 /* HikeBadge.swift in Sources */ = {isa = PBXBuildFile; fileRef = 628CCA582990001B00D09424 /* HikeBadge.swift */; };
		628CCA5B2990068C00D09424 /* ProfileEditor.swift in Sources */ = {isa = PBXBuildFile; fileRef = 628CCA5A2990068C00D09424 /* ProfileEditor.swift */; };
/* End PBXBuildFile section */

/* Begin PBXFileReference section */
		628CC9EE298D535A00D09424 /* Landmarks.app */ = {isa = PBXFileReference; explicitFileType = wrapper.application; includeInIndex = 0; path = Landmarks.app; sourceTree = BUILT_PRODUCTS_DIR; };
		628CC9F1298D535A00D09424 /* LandmarksApp.swift */ = {isa = PBXFileReference; lastKnownFileType = sourcecode.swift; path = LandmarksApp.swift; sourceTree = "<group>"; };
		628CC9F3298D535A00D09424 /* ContentView.swift */ = {isa = PBXFileReference; lastKnownFileType = sourcecode.swift; path = ContentView.swift; sourceTree = "<group>"; };
		628CC9F5298D535B00D09424 /* Assets.xcassets */ = {isa = PBXFileReference; lastKnownFileType = folder.assetcatalog; path = Assets.xcassets; sourceTree = "<group>"; };
		628CC9F8298D535B00D09424 /* Preview Assets.xcassets */ = {isa = PBXFileReference; lastKnownFileType = folder.assetcatalog; path = "Preview Assets.xcassets"; sourceTree = "<group>"; };
		628CC9FF298D5BC700D09424 /* CircleImage.swift */ = {isa = PBXFileReference; lastKnownFileType = sourcecode.swift; path = CircleImage.swift; sourceTree = "<group>"; };
		628CCA01298D5D4100D09424 /* MapView.swift */ = {isa = PBXFileReference; lastKnownFileType = sourcecode.swift; path = MapView.swift; sourceTree = "<group>"; };
		628CCA12298D784400D09424 /* landmarkData.json */ = {isa = PBXFileReference; fileEncoding = 4; lastKnownFileType = text.json; path = landmarkData.json; sourceTree = "<group>"; };
		628CCA20298D789900D09424 /* Landmark.swift */ = {isa = PBXFileReference; lastKnownFileType = sourcecode.swift; path = Landmark.swift; sourceTree = "<group>"; };
		628CCA22298D7BA100D09424 /* ModelData.swift */ = {isa = PBXFileReference; lastKnownFileType = sourcecode.swift; path = ModelData.swift; sourceTree = "<group>"; };
		628CCA26298E06C400D09424 /* LandmarkRow.swift */ = {isa = PBXFileReference; lastKnownFileType = sourcecode.swift; path = LandmarkRow.swift; sourceTree = "<group>"; };
		628CCA28298E0AD300D09424 /* LandmarkList.swift */ = {isa = PBXFileReference; lastKnownFileType = sourcecode.swift; path = LandmarkList.swift; sourceTree = "<group>"; };
		628CCA2A298E0EE800D09424 /* LandmarkDetail.swift */ = {isa = PBXFileReference; lastKnownFileType = sourcecode.swift; path = LandmarkDetail.swift; sourceTree = "<group>"; };
		628CCA2C298E3B3800D09424 /* FavoriteButton.swift */ = {isa = PBXFileReference; lastKnownFileType = sourcecode.swift; path = FavoriteButton.swift; sourceTree = "<group>"; };
		628CCA30298EDA1600D09424 /* HexagonParameters.swift */ = {isa = PBXFileReference; lastKnownFileType = sourcecode.swift; path = HexagonParameters.swift; sourceTree = "<group>"; };
		628CCA32298EDB0B00D09424 /* BadgeBackground.swift */ = {isa = PBXFileReference; lastKnownFileType = sourcecode.swift; path = BadgeBackground.swift; sourceTree = "<group>"; };
		628CCA34298EDD4000D09424 /* BadgeSymbol.swift */ = {isa = PBXFileReference; lastKnownFileType = sourcecode.swift; path = BadgeSymbol.swift; sourceTree = "<group>"; };
		628CCA36298EDDD800D09424 /* RotatedBadgeSymbol.swift */ = {isa = PBXFileReference; lastKnownFileType = sourcecode.swift; path = RotatedBadgeSymbol.swift; sourceTree = "<group>"; };
		628CCA3A298EDE5600D09424 /* Badge.swift */ = {isa = PBXFileReference; lastKnownFileType = sourcecode.swift; path = Badge.swift; sourceTree = "<group>"; };
		628CCA3D298F5C1500D09424 /* hikeData.json */ = {isa = PBXFileReference; fileEncoding = 4; lastKnownFileType = text.json; path = hikeData.json; sourceTree = "<group>"; };
		628CCA3F298F5C3500D09424 /* Hike.swift */ = {isa = PBXFileReference; lastKnownFileType = sourcecode.swift; path = Hike.swift; sourceTree = "<group>"; };
		628CCA42298F74AA00D09424 /* GraphCapsule.swift */ = {isa = PBXFileReference; fileEncoding = 4; lastKnownFileType = sourcecode.swift; path = GraphCapsule.swift; sourceTree = "<group>"; };
		628CCA43298F74AA00D09424 /* HikeGraph.swift */ = {isa = PBXFileReference; fileEncoding = 4; lastKnownFileType = sourcecode.swift; path = HikeGraph.swift; sourceTree = "<group>"; };
		628CCA44298F74AA00D09424 /* HikeDetail.swift */ = {isa = PBXFileReference; fileEncoding = 4; lastKnownFileType = sourcecode.swift; path = HikeDetail.swift; sourceTree = "<group>"; };
		628CCA45298F74AA00D09424 /* HikeView.swift */ = {isa = PBXFileReference; fileEncoding = 4; lastKnownFileType = sourcecode.swift; path = HikeView.swift; sourceTree = "<group>"; };
		628CCA4B298F7A4100D09424 /* CategoryHome.swift */ = {isa = PBXFileReference; lastKnownFileType = sourcecode.swift; path = CategoryHome.swift; sourceTree = "<group>"; };
		628CCA4D298F7C4D00D09424 /* CategoryRow.swift */ = {isa = PBXFileReference; lastKnownFileType = sourcecode.swift; path = CategoryRow.swift; sourceTree = "<group>"; };
		628CCA4F298F7D7E00D09424 /* CategoryItem.swift */ = {isa = PBXFileReference; lastKnownFileType = sourcecode.swift; path = CategoryItem.swift; sourceTree = "<group>"; };
		628CCA51298FFD5100D09424 /* Profile.swift */ = {isa = PBXFileReference; lastKnownFileType = sourcecode.swift; path = Profile.swift; sourceTree = "<group>"; };
		628CCA54298FFDF200D09424 /* ProfileHost.swift */ = {isa = PBXFileReference; lastKnownFileType = sourcecode.swift; path = ProfileHost.swift; sourceTree = "<group>"; };
		628CCA56298FFEA100D09424 /* ProfileSummary.swift */ = {isa = PBXFileReference; lastKnownFileType = sourcecode.swift; path = ProfileSummary.swift; sourceTree = "<group>"; };
		628CCA582990001B00D09424 /* HikeBadge.swift */ = {isa = PBXFileReference; lastKnownFileType = sourcecode.swift; path = HikeBadge.swift; sourceTree = "<group>"; };
		628CCA5A2990068C00D09424 /* ProfileEditor.swift */ = {isa = PBXFileReference; lastKnownFileType = sourcecode.swift; path = ProfileEditor.swift; sourceTree = "<group>"; };
/* End PBXFileReference section */

/* Begin PBXFrameworksBuildPhase section */
		628CC9EB298D535A00D09424 /* Frameworks */ = {
			isa = PBXFrameworksBuildPhase;
			buildActionMask = 2147483647;
			files = (
			);
			runOnlyForDeploymentPostprocessing = 0;
		};
/* End PBXFrameworksBuildPhase section */

/* Begin PBXGroup section */
		628CC9E5298D535A00D09424 = {
			isa = PBXGroup;
			children = (
				628CC9F0298D535A00D09424 /* Landmarks */,
				628CC9EF298D535A00D09424 /* Products */,
			);
			sourceTree = "<group>";
		};
		628CC9EF298D535A00D09424 /* Products */ = {
			isa = PBXGroup;
			children = (
				628CC9EE298D535A00D09424 /* Landmarks.app */,
			);
			name = Products;
			sourceTree = "<group>";
		};
		628CC9F0298D535A00D09424 /* Landmarks */ = {
			isa = PBXGroup;
			children = (
				628CCA25298E05DC00D09424 /* Model */,
				628CCA24298E05CB00D09424 /* Views */,
				628CCA03298D784400D09424 /* Resources */,
				628CC9F1298D535A00D09424 /* LandmarksApp.swift */,
				628CC9F5298D535B00D09424 /* Assets.xcassets */,
				628CC9F7298D535B00D09424 /* Preview Content */,
			);
			path = Landmarks;
			sourceTree = "<group>";
		};
		628CC9F7298D535B00D09424 /* Preview Content */ = {
			isa = PBXGroup;
			children = (
				628CC9F8298D535B00D09424 /* Preview Assets.xcassets */,
			);
			path = "Preview Content";
			sourceTree = "<group>";
		};
		628CCA03298D784400D09424 /* Resources */ = {
			isa = PBXGroup;
			children = (
				628CCA3D298F5C1500D09424 /* hikeData.json */,
				628CCA12298D784400D09424 /* landmarkData.json */,
			);
			path = Resources;
			sourceTree = "<group>";
		};
		628CCA24298E05CB00D09424 /* Views */ = {
			isa = PBXGroup;
			children = (
				628CCA53298FFDD200D09424 /* Profiles */,
				628CCA4A298F7A1F00D09424 /* Categories */,
				628CCA41298F74AA00D09424 /* Hikes */,
				628CCA3C298EDE8F00D09424 /* Badges */,
				628CCA2F298E3C8100D09424 /* Helpers */,
				628CCA2E298E3C6100D09424 /* Landmarks */,
				628CC9F3298D535A00D09424 /* ContentView.swift */,
			);
			path = Views;
			sourceTree = "<group>";
		};
		628CCA25298E05DC00D09424 /* Model */ = {
			isa = PBXGroup;
			children = (
				628CCA20298D789900D09424 /* Landmark.swift */,
				628CCA22298D7BA100D09424 /* ModelData.swift */,
				628CCA3F298F5C3500D09424 /* Hike.swift */,
				628CCA51298FFD5100D09424 /* Profile.swift */,
			);
			path = Model;
			sourceTree = "<group>";
		};
		628CCA2E298E3C6100D09424 /* Landmarks */ = {
			isa = PBXGroup;
			children = (
				628CCA28298E0AD300D09424 /* LandmarkList.swift */,
				628CCA2A298E0EE800D09424 /* LandmarkDetail.swift */,
				628CCA26298E06C400D09424 /* LandmarkRow.swift */,
			);
			path = Landmarks;
			sourceTree = "<group>";
		};
		628CCA2F298E3C8100D09424 /* Helpers */ = {
			isa = PBXGroup;
			children = (
				628CCA01298D5D4100D09424 /* MapView.swift */,
				628CCA2C298E3B3800D09424 /* FavoriteButton.swift */,
				628CC9FF298D5BC700D09424 /* CircleImage.swift */,
			);
			path = Helpers;
			sourceTree = "<group>";
		};
		628CCA3C298EDE8F00D09424 /* Badges */ = {
			isa = PBXGroup;
			children = (
				628CCA30298EDA1600D09424 /* HexagonParameters.swift */,
				628CCA32298EDB0B00D09424 /* BadgeBackground.swift */,
				628CCA34298EDD4000D09424 /* BadgeSymbol.swift */,
				628CCA36298EDDD800D09424 /* RotatedBadgeSymbol.swift */,
				628CCA3A298EDE5600D09424 /* Badge.swift */,
			);
			path = Badges;
			sourceTree = "<group>";
		};
		628CCA41298F74AA00D09424 /* Hikes */ = {
			isa = PBXGroup;
			children = (
				628CCA42298F74AA00D09424 /* GraphCapsule.swift */,
				628CCA43298F74AA00D09424 /* HikeGraph.swift */,
				628CCA44298F74AA00D09424 /* HikeDetail.swift */,
				628CCA45298F74AA00D09424 /* HikeView.swift */,
				628CCA582990001B00D09424 /* HikeBadge.swift */,
			);
			path = Hikes;
			sourceTree = "<group>";
		};
		628CCA4A298F7A1F00D09424 /* Categories */ = {
			isa = PBXGroup;
			children = (
				628CCA4B298F7A4100D09424 /* CategoryHome.swift */,
				628CCA4D298F7C4D00D09424 /* CategoryRow.swift */,
				628CCA4F298F7D7E00D09424 /* CategoryItem.swift */,
			);
			path = Categories;
			sourceTree = "<group>";
		};
		628CCA53298FFDD200D09424 /* Profiles */ = {
			isa = PBXGroup;
			children = (
				628CCA54298FFDF200D09424 /* ProfileHost.swift */,
				628CCA56298FFEA100D09424 /* ProfileSummary.swift */,
				628CCA5A2990068C00D09424 /* ProfileEditor.swift */,
			);
			path = Profiles;
			sourceTree = "<group>";
		};
/* End PBXGroup section */

/* Begin PBXNativeTarget section */
		628CC9ED298D535A00D09424 /* Landmarks */ = {
			isa = PBXNativeTarget;
			buildConfigurationList = 628CC9FC298D535B00D09424 /* Build configuration list for PBXNativeTarget "Landmarks" */;
			buildPhases = (
				628CC9EA298D535A00D09424 /* Sources */,
				628CC9EB298D535A00D09424 /* Frameworks */,
				628CC9EC298D535A00D09424 /* Resources */,
			);
			buildRules = (
			);
			dependencies = (
			);
			name = Landmarks;
			productName = Landmarks;
			productReference = 628CC9EE298D535A00D09424 /* Landmarks.app */;
			productType = "com.apple.product-type.application";
		};
/* End PBXNativeTarget section */

/* Begin PBXProject section */
		628CC9E6298D535A00D09424 /* Project object */ = {
			isa = PBXProject;
			attributes = {
				BuildIndependentTargetsInParallel = 1;
				LastSwiftUpdateCheck = 1420;
				LastUpgradeCheck = 1420;
				TargetAttributes = {
					628CC9ED298D535A00D09424 = {
						CreatedOnToolsVersion = 14.2;
					};
				};
			};
			buildConfigurationList = 628CC9E9298D535A00D09424 /* Build configuration list for PBXProject "Landmarks" */;
			compatibilityVersion = "Xcode 14.0";
			developmentRegion = en;
			hasScannedForEncodings = 0;
			knownRegions = (
				en,
				Base,
			);
			mainGroup = 628CC9E5298D535A00D09424;
			productRefGroup = 628CC9EF298D535A00D09424 /* Products */;
			projectDirPath = "";
			projectRoot = "";
			targets = (
				628CC9ED298D535A00D09424 /* Landmarks */,
			);
		};
/* End PBXProject section */

/* Begin PBXResourcesBuildPhase section */
		628CC9EC298D535A00D09424 /* Resources */ = {
			isa = PBXResourcesBuildPhase;
			buildActionMask = 2147483647;
			files = (
				628CCA3E298F5C1500D09424 /* hikeData.json in Resources */,
				628CC9F9298D535B00D09424 /* Preview Assets.xcassets in Resources */,
				628CCA1F298D784500D09424 /* landmarkData.json in Resources */,
				628CC9F6298D535B00D09424 /* Assets.xcassets in Resources */,
			);
			runOnlyForDeploymentPostprocessing = 0;
		};
/* End PBXResourcesBuildPhase section */

/* Begin PBXSourcesBuildPhase section */
		628CC9EA298D535A00D09424 /* Sources */ = {
			isa = PBXSourcesBuildPhase;
			buildActionMask = 2147483647;
			files = (
				628CCA4E298F7C4D00D09424 /* CategoryRow.swift in Sources */,
				628CCA52298FFD5100D09424 /* Profile.swift in Sources */,
				628CC9F4298D535A00D09424 /* ContentView.swift in Sources */,
				628CCA4C298F7A4100D09424 /* CategoryHome.swift in Sources */,
				628CCA47298F74AA00D09424 /* HikeGraph.swift in Sources */,
				628CCA3B298EDE5600D09424 /* Badge.swift in Sources */,
				628CCA02298D5D4100D09424 /* MapView.swift in Sources */,
				628CCA46298F74AA00D09424 /* GraphCapsule.swift in Sources */,
				628CC9F2298D535A00D09424 /* LandmarksApp.swift in Sources */,
				628CCA2D298E3B3800D09424 /* FavoriteButton.swift in Sources */,
				628CCA50298F7D7E00D09424 /* CategoryItem.swift in Sources */,
				628CCA48298F74AA00D09424 /* HikeDetail.swift in Sources */,
				628CCA57298FFEA100D09424 /* ProfileSummary.swift in Sources */,
				628CCA31298EDA1600D09424 /* HexagonParameters.swift in Sources */,
				628CCA55298FFDF200D09424 /* ProfileHost.swift in Sources */,
				628CCA40298F5C3500D09424 /* Hike.swift in Sources */,
				628CCA37298EDDD800D09424 /* RotatedBadgeSymbol.swift in Sources */,
				628CCA35298EDD4000D09424 /* BadgeSymbol.swift in Sources */,
				628CCA5B2990068C00D09424 /* ProfileEditor.swift in Sources */,
				628CCA29298E0AD300D09424 /* LandmarkList.swift in Sources */,
				628CCA49298F74AA00D09424 /* HikeView.swift in Sources */,
				628CCA2B298E0EE800D09424 /* LandmarkDetail.swift in Sources */,
				628CCA33298EDB0B00D09424 /* BadgeBackground.swift in Sources */,
				628CCA592990001B00D09424 /* HikeBadge.swift in Sources */,
				628CCA00298D5BC700D09424 /* CircleImage.swift in Sources */,
				628CCA21298D789900D09424 /* Landmark.swift in Sources */,
				628CCA27298E06C400D09424 /* LandmarkRow.swift in Sources */,
				628CCA23298D7BA100D09424 /* ModelData.swift in Sources */,
			);
			runOnlyForDeploymentPostprocessing = 0;
		};
/* End PBXSourcesBuildPhase section */

/* Begin XCBuildConfiguration section */
		628CC9FA298D535B00D09424 /* Debug */ = {
			isa = XCBuildConfiguration;
			buildSettings = {
				ALWAYS_SEARCH_USER_PATHS = NO;
				CLANG_ANALYZER_NONNULL = YES;
				CLANG_ANALYZER_NUMBER_OBJECT_CONVERSION = YES_AGGRESSIVE;
				CLANG_CXX_LANGUAGE_STANDARD = "gnu++20";
				CLANG_ENABLE_MODULES = YES;
				CLANG_ENABLE_OBJC_ARC = YES;
				CLANG_ENABLE_OBJC_WEAK = YES;
				CLANG_WARN_BLOCK_CAPTURE_AUTORELEASING = YES;
				CLANG_WARN_BOOL_CONVERSION = YES;
				CLANG_WARN_COMMA = YES;
				CLANG_WARN_CONSTANT_CONVERSION = YES;
				CLANG_WARN_DEPRECATED_OBJC_IMPLEMENTATIONS = YES;
				CLANG_WARN_DIRECT_OBJC_ISA_USAGE = YES_ERROR;
				CLANG_WARN_DOCUMENTATION_COMMENTS = YES;
				CLANG_WARN_EMPTY_BODY = YES;
				CLANG_WARN_ENUM_CONVERSION = YES;
				CLANG_WARN_INFINITE_RECURSION = YES;
				CLANG_WARN_INT_CONVERSION = YES;
				CLANG_WARN_NON_LITERAL_NULL_CONVERSION = YES;
				CLANG_WARN_OBJC_IMPLICIT_RETAIN_SELF = YES;
				CLANG_WARN_OBJC_LITERAL_CONVERSION = YES;
				CLANG_WARN_OBJC_ROOT_CLASS = YES_ERROR;
				CLANG_WARN_QUOTED_INCLUDE_IN_FRAMEWORK_HEADER = YES;
				CLANG_WARN_RANGE_LOOP_ANALYSIS = YES;
				CLANG_WARN_STRICT_PROTOTYPES = YES;
				CLANG_WARN_SUSPICIOUS_MOVE = YES;
				CLANG_WARN_UNGUARDED_AVAILABILITY = YES_AGGRESSIVE;
				CLANG_WARN_UNREACHABLE_CODE = YES;
				CLANG_WARN__DUPLICATE_METHOD_MATCH = YES;
				COPY_PHASE_STRIP = NO;
				DEBUG_INFORMATION_FORMAT = dwarf;
				ENABLE_STRICT_OBJC_MSGSEND = YES;
				ENABLE_TESTABILITY = YES;
				GCC_C_LANGUAGE_STANDARD = gnu11;
				GCC_DYNAMIC_NO_PIC = NO;
				GCC_NO_COMMON_BLOCKS = YES;
				GCC_OPTIMIZATION_LEVEL = 0;
				GCC_PREPROCESSOR_DEFINITIONS = (
					"DEBUG=1",
					"$(inherited)",
				);
				GCC_WARN_64_TO_32_BIT_CONVERSION = YES;
				GCC_WARN_ABOUT_RETURN_TYPE = YES_ERROR;
				GCC_WARN_UNDECLARED_SELECTOR = YES;
				GCC_WARN_UNINITIALIZED_AUTOS = YES_AGGRESSIVE;
				GCC_WARN_UNUSED_FUNCTION = YES;
				GCC_WARN_UNUSED_VARIABLE = YES;
				IPHONEOS_DEPLOYMENT_TARGET = 16.2;
				MTL_ENABLE_DEBUG_INFO = INCLUDE_SOURCE;
				MTL_FAST_MATH = YES;
				ONLY_ACTIVE_ARCH = YES;
				SDKROOT = iphoneos;
				SWIFT_ACTIVE_COMPILATION_CONDITIONS = DEBUG;
				SWIFT_OPTIMIZATION_LEVEL = "-Onone";
			};
			name = Debug;
		};
		628CC9FB298D535B00D09424 /* Release */ = {
			isa = XCBuildConfiguration;
			buildSettings = {
				ALWAYS_SEARCH_USER_PATHS = NO;
				CLANG_ANALYZER_NONNULL = YES;
				CLANG_ANALYZER_NUMBER_OBJECT_CONVERSION = YES_AGGRESSIVE;
				CLANG_CXX_LANGUAGE_STANDARD = "gnu++20";
				CLANG_ENABLE_MODULES = YES;
				CLANG_ENABLE_OBJC_ARC = YES;
				CLANG_ENABLE_OBJC_WEAK = YES;
				CLANG_WARN_BLOCK_CAPTURE_AUTORELEASING = YES;
				CLANG_WARN_BOOL_CONVERSION = YES;
				CLANG_WARN_COMMA = YES;
				CLANG_WARN_CONSTANT_CONVERSION = YES;
				CLANG_WARN_DEPRECATED_OBJC_IMPLEMENTATIONS = YES;
				CLANG_WARN_DIRECT_OBJC_ISA_USAGE = YES_ERROR;
				CLANG_WARN_DOCUMENTATION_COMMENTS = YES;
				CLANG_WARN_EMPTY_BODY = YES;
				CLANG_WARN_ENUM_CONVERSION = YES;
				CLANG_WARN_INFINITE_RECURSION = YES;
				CLANG_WARN_INT_CONVERSION = YES;
				CLANG_WARN_NON_LITERAL_NULL_CONVERSION = YES;
				CLANG_WARN_OBJC_IMPLICIT_RETAIN_SELF = YES;
				CLANG_WARN_OBJC_LITERAL_CONVERSION = YES;
				CLANG_WARN_OBJC_ROOT_CLASS = YES_ERROR;
				CLANG_WARN_QUOTED_INCLUDE_IN_FRAMEWORK_HEADER = YES;
				CLANG_WARN_RANGE_LOOP_ANALYSIS = YES;
				CLANG_WARN_STRICT_PROTOTYPES = YES;
				CLANG_WARN_SUSPICIOUS_MOVE = YES;
				CLANG_WARN_UNGUARDED_AVAILABILITY = YES_AGGRESSIVE;
				CLANG_WARN_UNREACHABLE_CODE = YES;
				CLANG_WARN__DUPLICATE_METHOD_MATCH = YES;
				COPY_PHASE_STRIP = NO;
				DEBUG_INFORMATION_FORMAT = "dwarf-with-dsym";
				ENABLE_NS_ASSERTIONS = NO;
				ENABLE_STRICT_OBJC_MSGSEND = YES;
				GCC_C_LANGUAGE_STANDARD = gnu11;
				GCC_NO_COMMON_BLOCKS = YES;
				GCC_WARN_64_TO_32_BIT_CONVERSION = YES;
				GCC_WARN_ABOUT_RETURN_TYPE = YES_ERROR;
				GCC_WARN_UNDECLARED_SELECTOR = YES;
				GCC_WARN_UNINITIALIZED_AUTOS = YES_AGGRESSIVE;
				GCC_WARN_UNUSED_FUNCTION = YES;
				GCC_WARN_UNUSED_VARIABLE = YES;
				IPHONEOS_DEPLOYMENT_TARGET = 16.2;
				MTL_ENABLE_DEBUG_INFO = NO;
				MTL_FAST_MATH = YES;
				SDKROOT = iphoneos;
				SWIFT_COMPILATION_MODE = wholemodule;
				SWIFT_OPTIMIZATION_LEVEL = "-O";
				VALIDATE_PRODUCT = YES;
			};
			name = Release;
		};
		628CC9FD298D535B00D09424 /* Debug */ = {
			isa = XCBuildConfiguration;
			buildSettings = {
				ASSETCATALOG_COMPILER_APPICON_NAME = AppIcon;
				ASSETCATALOG_COMPILER_GLOBAL_ACCENT_COLOR_NAME = AccentColor;
				CODE_SIGN_STYLE = Automatic;
				CURRENT_PROJECT_VERSION = 1;
				DEVELOPMENT_ASSET_PATHS = "\"Landmarks/Preview Content\"";
				ENABLE_PREVIEWS = YES;
				GENERATE_INFOPLIST_FILE = YES;
				INFOPLIST_KEY_UIApplicationSceneManifest_Generation = YES;
				INFOPLIST_KEY_UIApplicationSupportsIndirectInputEvents = YES;
				INFOPLIST_KEY_UILaunchScreen_Generation = YES;
				INFOPLIST_KEY_UISupportedInterfaceOrientations_iPad = "UIInterfaceOrientationPortrait UIInterfaceOrientationPortraitUpsideDown UIInterfaceOrientationLandscapeLeft UIInterfaceOrientationLandscapeRight";
				INFOPLIST_KEY_UISupportedInterfaceOrientations_iPhone = "UIInterfaceOrientationPortrait UIInterfaceOrientationLandscapeLeft UIInterfaceOrientationLandscapeRight";
				LD_RUNPATH_SEARCH_PATHS = (
					"$(inherited)",
					"@executable_path/Frameworks",
				);
				MARKETING_VERSION = 1.0;
				PRODUCT_BUNDLE_IDENTIFIER = "com.example.apple-samplecode.Landmarks";
				PRODUCT_NAME = "$(TARGET_NAME)";
				SWIFT_EMIT_LOC_STRINGS = YES;
				SWIFT_VERSION = 5.0;
				TARGETED_DEVICE_FAMILY = "1,2";
			};
			name = Debug;
		};
		628CC9FE298D535B00D09424 /* Release */ = {
			isa = XCBuildConfiguration;
			buildSettings = {
				ASSETCATALOG_COMPILER_APPICON_NAME = AppIcon;
				ASSETCATALOG_COMPILER_GLOBAL_ACCENT_COLOR_NAME = AccentColor;
				CODE_SIGN_STYLE = Automatic;
				CURRENT_PROJECT_VERSION = 1;
				DEVELOPMENT_ASSET_PATHS = "\"Landmarks/Preview Content\"";
				ENABLE_PREVIEWS = YES;
				GENERATE_INFOPLIST_FILE = YES;
				INFOPLIST_KEY_UIApplicationSceneManifest_Generation = YES;
				INFOPLIST_KEY_UIApplicationSupportsIndirectInputEvents = YES;
				INFOPLIST_KEY_UILaunchScreen_Generation = YES;
				INFOPLIST_KEY_UISupportedInterfaceOrientations_iPad = "UIInterfaceOrientationPortrait UIInterfaceOrientationPortraitUpsideDown UIInterfaceOrientationLandscapeLeft UIInterfaceOrientationLandscapeRight";
				INFOPLIST_KEY_UISupportedInterfaceOrientations_iPhone = "UIInterfaceOrientationPortrait UIInterfaceOrientationLandscapeLeft UIInterfaceOrientationLandscapeRight";
				LD_RUNPATH_SEARCH_PATHS = (
					"$(inherited)",
					"@executable_path/Frameworks",
				);
				MARKETING_VERSION = 1.0;
				PRODUCT_BUNDLE_IDENTIFIER = "com.example.apple-samplecode.Landmarks";
				PRODUCT_NAME = "$(TARGET_NAME)";
				SWIFT_EMIT_LOC_STRINGS = YES;
				SWIFT_VERSION = 5.0;
				TARGETED_DEVICE_FAMILY = "1,2";
			};
			name = Release;
		};
/* End XCBuildConfiguration section */

/* Begin XCConfigurationList section */
		628CC9E9298D535A00D09424 /* Build configuration list for PBXProject "Landmarks" */ = {
			isa = XCConfigurationList;
			buildConfigurations = (
				628CC9FA298D535B00D09424 /* Debug */,
				628CC9FB298D535B00D09424 /* Release */,
			);
			defaultConfigurationIsVisible = 0;
			defaultConfigurationName = Release;
		};
		628CC9FC298D535B00D09424 /* Build configuration list for PBXNativeTarget "Landmarks" */ = {
			isa = XCConfigurationList;
			buildConfigurations = (
				628CC9FD298D535B00D09424 /* Debug */,
				628CC9FE298D535B00D09424 /* Release */,
			);
			defaultConfigurationIsVisible = 0;
			defaultConfigurationName = Release;
		};
/* End XCConfigurationList section */
	};
	rootObject = 628CC9E6298D535A00D09424 /* Project object */;
}
